
Microsoft Visual Studio Solution File, Format Version 12.00
# Visual Studio Version 17
VisualStudioVersion = 17.4.33213.308
MinimumVisualStudioVersion = 10.0.40219.1
Project("{FAE04EC0-301F-11D3-BF4B-00C04F79EFBC}") = "Web411018654", "Web411018654\Web411018654.csproj", "{0565566E-5537-44AC-B7D1-81B2D189A234}"
EndProject
Global
	GlobalSection(SolutionConfigurationPlatforms) = preSolution
		Debug|Any CPU = Debug|Any CPU
		Release|Any CPU = Release|Any CPU
	EndGlobalSection
	GlobalSection(ProjectConfigurationPlatforms) = postSolution
		{0565566E-5537-44AC-B7D1-81B2D189A234}.Debug|Any CPU.ActiveCfg = Debug|Any CPU
		{0565566E-5537-44AC-B7D1-81B2D189A234}.Debug|Any CPU.Build.0 = Debug|Any CPU
		{0565566E-5537-44AC-B7D1-81B2D189A234}.Release|Any CPU.ActiveCfg = Release|Any CPU
		{0565566E-5537-44AC-B7D1-81B2D189A234}.Release|Any CPU.Build.0 = Release|Any CPU
	EndGlobalSection
	GlobalSection(SolutionProperties) = preSolution
		HideSolutionNode = FALSE
	EndGlobalSection
	GlobalSection(ExtensibilityGlobals) = postSolution
		SolutionGuid = {3D3AF7C4-E53F-47EE-BFF7-526D77D17E6F}
	EndGlobalSection
EndGlobal
